{
  "name": "@dosy-private/voodoo",
  "version": "1.0.0",
  "lockfileVersion": 2,
  "requires": true,
  "packages": {
    "": {
      "name": "@dosy-private/voodoo",
      "version": "1.0.0",
      "license": "Apache-2.0",
      "dependencies": {
        "dumbass": "^2.7.0",
        "style.dss": "latest"
      },
      "devDependencies": {
        "@babel/runtime": "latest"
      }
    },
    "node_modules/@babel/runtime": {
      "version": "7.18.9",
      "resolved": "https://registry.npmjs.org/@babel/runtime/-/runtime-7.18.9.tgz",
      "integrity": "sha512-lkqXDcvlFT5rvEjiu6+QYO+1GXrEHRo2LOtS7E4GtX5ESIZOgepqsZBVIj6Pv+a6zqsya9VCgiK1KAK4BvJDAw==",
      "dev": true,
      "dependencies": {
        "regenerator-runtime": "^0.13.4"
      },
      "engines": {
        "node": ">=6.9.0"
      }
    },
    "node_modules/dumbass": {
      "version": "2.7.1",
      "resolved": "https://registry.npmjs.org/dumbass/-/dumbass-2.7.1.tgz",
      "integrity": "sha512-6s87Uxi0kIHShBBp3d3HRWwcijQ5iHXRBsOpC/2tI8P78FHaAK9bql6zY33h8+5OzPmPpjlv+xs0Rwz3WdccLw=="
    },
    "node_modules/esm": {
      "version": "3.2.25",
      "resolved": "https://registry.npmjs.org/esm/-/esm-3.2.25.tgz",
      "integrity": "sha512-U1suiZ2oDVWv4zPO56S0NcR5QriEahGtdN2OR6FiOG4WJvcjBVFB0qI4+eKoWFH483PKGuLuu6V8Z4T5g63UVA==",
      "engines": {
        "node": ">=6"
      }
    },
    "node_modules/maskingtape.css": {
      "version": "1.11.4",
      "resolved": "https://registry.npmjs.org/maskingtape.css/-/maskingtape.css-1.11.4.tgz",
      "integrity": "sha512-kinODbB5c1IUtjZ14HfFEq3ule3JwDZYLVJVBM7okx37/nGPKA20/7Fa+NJ4WpSVqcde6MGykuzUlS1Y2RBCvw==",
      "dependencies": {
        "vanillatype": "latest"
      }
    },
    "node_modules/regenerator-runtime": {
      "version": "0.13.9",
      "resolved": "https://registry.npmjs.org/regenerator-runtime/-/regenerator-runtime-0.13.9.tgz",
      "integrity": "sha512-p3VT+cOEgxFsRRA9X4lkI1E+k2/CtnKtU4gcxyaCUreilL/vqI6CdZ3wxVUx3UOUg+gnUOQQcRI7BmSI656MYA==",
      "dev": true
    },
    "node_modules/style.dss": {
      "version": "1.9.0",
      "resolved": "https://registry.npmjs.org/style.dss/-/style.dss-1.9.0.tgz",
      "integrity": "sha512-I7dcQIz50q3USjy1MetRcFYoI4Cv86Qe/ms80/M7Qysef9c8R2koTtobk7Gd4hBaEfu51A1P9OQZku56crJOgw==",
      "dependencies": {
        "maskingtape.css": "latest"
      }
    },
    "node_modules/vanillatype": {
      "version": "1.4.1",
      "resolved": "https://registry.npmjs.org/vanillatype/-/vanillatype-1.4.1.tgz",
      "integrity": "sha512-b29jDOPlipN+MVedIxyk9VqdxIF8GW8XmVZ/b0XYOMa+wYHJhM6JZ/oopHJLTtZ2DArr0vnS1VF5Nxegpff8mA==",
      "dependencies": {
        "esm": "^3.0.74"
      }
    }
  },
  "dependencies": {
    "@babel/runtime": {
      "version": "7.18.9",
      "resolved": "https://registry.npmjs.org/@babel/runtime/-/runtime-7.18.9.tgz",
      "integrity": "sha512-lkqXDcvlFT5rvEjiu6+QYO+1GXrEHRo2LOtS7E4GtX5ESIZOgepqsZBVIj6Pv+a6zqsya9VCgiK1KAK4BvJDAw==",
      "dev": true,
      "requires": {
        "regenerator-runtime": "^0.13.4"
      }
    },
    "dumbass": {
      "version": "2.7.1",
      "resolved": "https://registry.npmjs.org/dumbass/-/dumbass-2.7.1.tgz",
      "integrity": "sha512-6s87Uxi0kIHShBBp3d3HRWwcijQ5iHXRBsOpC/2tI8P78FHaAK9bql6zY33h8+5OzPmPpjlv+xs0Rwz3WdccLw=="
    },
    "esm": {
      "version": "3.2.25",
      "resolved": "https://registry.npmjs.org/esm/-/esm-3.2.25.tgz",
      "integrity": "sha512-U1suiZ2oDVWv4zPO56S0NcR5QriEahGtdN2OR6FiOG4WJvcjBVFB0qI4+eKoWFH483PKGuLuu6V8Z4T5g63UVA=="
    },
    "maskingtape.css": {
      "version": "1.11.4",
      "resolved": "https://registry.npmjs.org/maskingtape.css/-/maskingtape.css-1.11.4.tgz",
      "integrity": "sha512-kinODbB5c1IUtjZ14HfFEq3ule3JwDZYLVJVBM7okx37/nGPKA20/7Fa+NJ4WpSVqcde6MGykuzUlS1Y2RBCvw==",
      "requires": {
        "vanillatype": "latest"
      }
    },
    "regenerator-runtime": {
      "version": "0.13.9",
      "resolved": "https://registry.npmjs.org/regenerator-runtime/-/regenerator-runtime-0.13.9.tgz",
      "integrity": "sha512-p3VT+cOEgxFsRRA9X4lkI1E+k2/CtnKtU4gcxyaCUreilL/vqI6CdZ3wxVUx3UOUg+gnUOQQcRI7BmSI656MYA==",
      "dev": true
    },
    "style.dss": {
      "version": "1.9.0",
      "resolved": "https://registry.npmjs.org/style.dss/-/style.dss-1.9.0.tgz",
      "integrity": "sha512-I7dcQIz50q3USjy1MetRcFYoI4Cv86Qe/ms80/M7Qysef9c8R2koTtobk7Gd4hBaEfu51A1P9OQZku56crJOgw==",
      "requires": {
        "maskingtape.css": "latest"
      }
    },
    "vanillatype": {
      "version": "1.4.1",
      "resolved": "https://registry.npmjs.org/vanillatype/-/vanillatype-1.4.1.tgz",
      "integrity": "sha512-b29jDOPlipN+MVedIxyk9VqdxIF8GW8XmVZ/b0XYOMa+wYHJhM6JZ/oopHJLTtZ2DArr0vnS1VF5Nxegpff8mA==",
      "requires": {
        "esm": "^3.0.74"
      }
    }
  }
}
