{
  "name": "@dosy-private/voodoo",
  "version": "1.0.0",
  "lockfileVersion": 1,
  "requires": true,
  "dependencies": {
    "@babel/runtime": {
      "version": "7.11.2",
      "resolved": "https://registry.npmjs.org/@babel/runtime/-/runtime-7.11.2.tgz",
      "integrity": "sha512-TeWkU52so0mPtDcaCTxNBI/IHiz0pZgr8VEFqXFtZWpYD08ZB6FaSwVAS8MKRQAP3bYKiVjwysOJgMFY28o6Tw==",
      "dev": true,
      "requires": {
        "regenerator-runtime": "^0.13.4"
      }
    },
    "dumbass": {
      "version": "2.7.1",
      "resolved": "https://registry.npmjs.org/dumbass/-/dumbass-2.7.1.tgz",
      "integrity": "sha512-6s87Uxi0kIHShBBp3d3HRWwcijQ5iHXRBsOpC/2tI8P78FHaAK9bql6zY33h8+5OzPmPpjlv+xs0Rwz3WdccLw=="
    },
    "esm": {
      "version": "3.2.25",
      "resolved": "https://registry.npmjs.org/esm/-/esm-3.2.25.tgz",
      "integrity": "sha512-U1suiZ2oDVWv4zPO56S0NcR5QriEahGtdN2OR6FiOG4WJvcjBVFB0qI4+eKoWFH483PKGuLuu6V8Z4T5g63UVA=="
    },
    "jtype-system": {
      "version": "1.3.1",
      "resolved": "https://registry.npmjs.org/jtype-system/-/jtype-system-1.3.1.tgz",
      "integrity": "sha512-B3Nutbx8t/cFxUeMQVI9kFFCf6y/fbsPOJldHxCVlXu1EtThCMmXT05Xqk4cpcWf2kb0FCxUE8LQO2Al8qt12g==",
      "requires": {
        "esm": "^3.0.74"
      }
    },
    "maskingtape.css": {
      "version": "1.10.1",
      "resolved": "https://registry.npmjs.org/maskingtape.css/-/maskingtape.css-1.10.1.tgz",
      "integrity": "sha512-YeX0nZg5u/T9qd4SOCnU/JL7GpoOBwXCtk+e05wWPlctDb8c2ZSgw3ckt/iID2sv9adR/hm/rdqYT4r3qwofeA==",
      "requires": {
        "jtype-system": "^1.3.1"
      }
    },
    "regenerator-runtime": {
      "version": "0.13.7",
      "resolved": "https://registry.npmjs.org/regenerator-runtime/-/regenerator-runtime-0.13.7.tgz",
      "integrity": "sha512-a54FxoJDIr27pgf7IgeQGxmqUNYrcV338lf/6gH456HZ/PhX+5BcwHXG9ajESmwe6WRO0tAzRUrRmNONWgkrew==",
      "dev": true
    },
    "style.dss": {
      "version": "1.8.1",
      "resolved": "https://registry.npmjs.org/style.dss/-/style.dss-1.8.1.tgz",
      "integrity": "sha512-gIvryhWdlM3a+ZAM5DFfcJf1rVOOOiEo3D++y63wB3RA75Q00N6SzfKdRPPNgofdG2TEkei76vO0gTz7K5r4cw==",
      "requires": {
        "maskingtape.css": "^1.9.0"
      }
    }
  }
}
